{
  "originHash" : "338d250a4b934b2eba80a5961ec076221b61f8f4b2d76a99d90b782612178a08",
  "pins" : [
    {
      "identity" : "iosmath",
      "kind" : "remoteSourceControl",
      "location" : "https://github.com/kostub/iosMath.git",
      "state" : {
        "revision" : "302585fd9609f8525423f531924087fc4cfade16",
        "version" : "2.3.1"
      }
    },
    {
      "identity" : "smartcodable",
      "kind" : "remoteSourceControl",
      "location" : "https://github.com/iAmMccc/SmartCodable.git",
      "state" : {
        "revision" : "475e5dbff8cb22a74741a355c9c39d74f3a6c8e7",
        "version" : "7.0.0-beta.1"
      }
    },
    {
      "identity" : "snapkit",
      "kind" : "remoteSourceControl",
      "location" : "https://github.com/SnapKit/SnapKit.git",
      "state" : {
        "revision" : "2842e6e84e82eb9a8dac0100ca90d9444b0307f4",
        "version" : "5.7.1"
      }
    },
    {
      "identity" : "swift-cmark",
      "kind" : "remoteSourceControl",
      "location" : "https://github.com/swiftlang/swift-cmark.git",
      "state" : {
        "branch" : "gfm",
        "revision" : "0101bf2c6ff6a218f93150f340fe5ccf76d9f3aa"
      }
    },
    {
      "identity" : "swift-markdown",
      "kind" : "remoteSourceControl",
      "location" : "https://github.com/swiftlang/swift-markdown.git",
      "state" : {
        "revision" : "07ebc9c071b22a5d021031b798c3a84b76281213"
      }
    }
  ],
  "version" : 3
}
